
Microsoft Visual Studio Solution File, Format Version 12.00
# Visual Studio 2013
VisualStudioVersion = 12.0.30501.0
MinimumVisualStudioVersion = 10.0.40219.1
Project("{FAE04EC0-301F-11D3-BF4B-00C04F79EFBC}") = "techfest", "techfest\techfest.csproj", "{B33796F8-08CC-4C4A-A1B2-3DCA0C9E29CC}"
EndProject
Global
	GlobalSection(SolutionConfigurationPlatforms) = preSolution
		Debug|Any CPU = Debug|Any CPU
		Release|Any CPU = Release|Any CPU
	EndGlobalSection
	GlobalSection(ProjectConfigurationPlatforms) = postSolution
		{B33796F8-08CC-4C4A-A1B2-3DCA0C9E29CC}.Debug|Any CPU.ActiveCfg = Debug|Any CPU
		{B33796F8-08CC-4C4A-A1B2-3DCA0C9E29CC}.Debug|Any CPU.Build.0 = Debug|Any CPU
		{B33796F8-08CC-4C4A-A1B2-3DCA0C9E29CC}.Release|Any CPU.ActiveCfg = Release|Any CPU
		{B33796F8-08CC-4C4A-A1B2-3DCA0C9E29CC}.Release|Any CPU.Build.0 = Release|Any CPU
	EndGlobalSection
	GlobalSection(SolutionProperties) = preSolution
		HideSolutionNode = FALSE
	EndGlobalSection
EndGlobal
